
Microsoft Visual Studio Solution File, Format Version 12.00
# Visual Studio Version 17
VisualStudioVersion = 17.3.32922.545
MinimumVisualStudioVersion = 10.0.40219.1
Project("{9A19103F-16F7-4668-BE54-9A1E7A4F7556}") = "Faker", "Faker\Faker.csproj", "{5DF98289-FDF6-4284-B1E5-B1231F9FAB9C}"
EndProject
Project("{9A19103F-16F7-4668-BE54-9A1E7A4F7556}") = "RandomDateTime", "RandomDateTime\RandomDateTime.csproj", "{3E94EDE8-963D-4B72-8F83-D6DACE8C688A}"
EndProject
Project("{9A19103F-16F7-4668-BE54-9A1E7A4F7556}") = "Faker.Example", "Faker.Example\Faker.Example.csproj", "{F8AE2730-DE38-4082-A08A-DDF0B3C4D9B1}"
EndProject
Project("{9A19103F-16F7-4668-BE54-9A1E7A4F7556}") = "RandomList", "RandomList\RandomList.csproj", "{7652758B-A6E8-4CB5-8FD0-97BAE565BB28}"
EndProject
Project("{9A19103F-16F7-4668-BE54-9A1E7A4F7556}") = "Faker.Tests", "Faker.Tests\Faker.Tests.csproj", "{650BAC92-D3C3-4947-8130-77596BA3BC0A}"
EndProject
Global
	GlobalSection(SolutionConfigurationPlatforms) = preSolution
		Debug|Any CPU = Debug|Any CPU
		Release|Any CPU = Release|Any CPU
	EndGlobalSection
	GlobalSection(ProjectConfigurationPlatforms) = postSolution
		{5DF98289-FDF6-4284-B1E5-B1231F9FAB9C}.Debug|Any CPU.ActiveCfg = Debug|Any CPU
		{5DF98289-FDF6-4284-B1E5-B1231F9FAB9C}.Debug|Any CPU.Build.0 = Debug|Any CPU
		{5DF98289-FDF6-4284-B1E5-B1231F9FAB9C}.Release|Any CPU.ActiveCfg = Release|Any CPU
		{5DF98289-FDF6-4284-B1E5-B1231F9FAB9C}.Release|Any CPU.Build.0 = Release|Any CPU
		{3E94EDE8-963D-4B72-8F83-D6DACE8C688A}.Debug|Any CPU.ActiveCfg = Debug|Any CPU
		{3E94EDE8-963D-4B72-8F83-D6DACE8C688A}.Debug|Any CPU.Build.0 = Debug|Any CPU
		{3E94EDE8-963D-4B72-8F83-D6DACE8C688A}.Release|Any CPU.ActiveCfg = Release|Any CPU
		{3E94EDE8-963D-4B72-8F83-D6DACE8C688A}.Release|Any CPU.Build.0 = Release|Any CPU
		{F8AE2730-DE38-4082-A08A-DDF0B3C4D9B1}.Debug|Any CPU.ActiveCfg = Debug|Any CPU
		{F8AE2730-DE38-4082-A08A-DDF0B3C4D9B1}.Debug|Any CPU.Build.0 = Debug|Any CPU
		{F8AE2730-DE38-4082-A08A-DDF0B3C4D9B1}.Release|Any CPU.ActiveCfg = Release|Any CPU
		{F8AE2730-DE38-4082-A08A-DDF0B3C4D9B1}.Release|Any CPU.Build.0 = Release|Any CPU
		{7652758B-A6E8-4CB5-8FD0-97BAE565BB28}.Debug|Any CPU.ActiveCfg = Debug|Any CPU
		{7652758B-A6E8-4CB5-8FD0-97BAE565BB28}.Debug|Any CPU.Build.0 = Debug|Any CPU
		{7652758B-A6E8-4CB5-8FD0-97BAE565BB28}.Release|Any CPU.ActiveCfg = Release|Any CPU
		{7652758B-A6E8-4CB5-8FD0-97BAE565BB28}.Release|Any CPU.Build.0 = Release|Any CPU
		{650BAC92-D3C3-4947-8130-77596BA3BC0A}.Debug|Any CPU.ActiveCfg = Debug|Any CPU
		{650BAC92-D3C3-4947-8130-77596BA3BC0A}.Debug|Any CPU.Build.0 = Debug|Any CPU
		{650BAC92-D3C3-4947-8130-77596BA3BC0A}.Release|Any CPU.ActiveCfg = Release|Any CPU
		{650BAC92-D3C3-4947-8130-77596BA3BC0A}.Release|Any CPU.Build.0 = Release|Any CPU
	EndGlobalSection
	GlobalSection(SolutionProperties) = preSolution
		HideSolutionNode = FALSE
	EndGlobalSection
	GlobalSection(ExtensibilityGlobals) = postSolution
		SolutionGuid = {E797CB0E-FA72-4038-B17D-EC67BA91F96F}
	EndGlobalSection
EndGlobal
